
Microsoft Visual Studio Solution File, Format Version 12.00
# Visual Studio Version 17
VisualStudioVersion = 17.2.32602.215
MinimumVisualStudioVersion = 10.0.40219.1
Project("{FAE04EC0-301F-11D3-BF4B-00C04F79EFBC}") = "P2-TravelBookingAppMVC", "P2-TravelBookingAppMVC.csproj", "{86C76281-7AD0-44DA-8CDB-D5A9771721E9}"
EndProject
Global
	GlobalSection(SolutionConfigurationPlatforms) = preSolution
		Debug|Any CPU = Debug|Any CPU
		Release|Any CPU = Release|Any CPU
	EndGlobalSection
	GlobalSection(ProjectConfigurationPlatforms) = postSolution
		{86C76281-7AD0-44DA-8CDB-D5A9771721E9}.Debug|Any CPU.ActiveCfg = Debug|Any CPU
		{86C76281-7AD0-44DA-8CDB-D5A9771721E9}.Debug|Any CPU.Build.0 = Debug|Any CPU
		{86C76281-7AD0-44DA-8CDB-D5A9771721E9}.Release|Any CPU.ActiveCfg = Release|Any CPU
		{86C76281-7AD0-44DA-8CDB-D5A9771721E9}.Release|Any CPU.Build.0 = Release|Any CPU
	EndGlobalSection
	GlobalSection(SolutionProperties) = preSolution
		HideSolutionNode = FALSE
	EndGlobalSection
	GlobalSection(ExtensibilityGlobals) = postSolution
		SolutionGuid = {C6D30CCF-5960-4602-864C-39A823210591}
	EndGlobalSection
EndGlobal
